# This file is generated by running "yarn install" inside your project.
# Manual changes might be lost - proceed with caution!

__metadata:
  version: 4
  cacheKey: 7

"lodash@npm:^4.17.20":
  version: 4.17.20
  resolution: "lodash@npm:4.17.20"
  checksum: c62101d2500c383b5f174a7e9e6fe8098149ddd6e9ccfa85f36d4789446195f5c4afd3cfba433026bcaf3da271256566b04a2bf2618e5a39f6e67f8c12030cb6
  languageName: node
  linkType: hard

"test1@workspace:packages/test1":
  version: 0.0.0-use.local
  resolution: "test1@workspace:packages/test1"
  dependencies:
    lodash: ^4.17.20
  languageName: unknown
  linkType: soft

"test2@workspace:packages/test2":
  version: 0.0.0-use.local
  resolution: "test2@workspace:packages/test2"
  languageName: unknown
  linkType: soft

"test@workspace:.":
  version: 0.0.0-use.local
  resolution: "test@workspace:."
  dependencies:
    lodash: ^4.17.20
  languageName: unknown
  linkType: soft
